
Microsoft Visual Studio Solution File, Format Version 12.00
# Visual Studio Version 17
VisualStudioVersion = 17.13.35931.197 d17.13
MinimumVisualStudioVersion = 10.0.40219.1
Project("{FAE04EC0-301F-11D3-BF4B-00C04F79EFBC}") = "cs_exercise", "cs_exercise.csproj", "{336E3B52-1512-45C1-8F56-10566FF9524B}"
EndProject
Global
	GlobalSection(SolutionConfigurationPlatforms) = preSolution
		Debug|Any CPU = Debug|Any CPU
		Release|Any CPU = Release|Any CPU
	EndGlobalSection
	GlobalSection(ProjectConfigurationPlatforms) = postSolution
		{336E3B52-1512-45C1-8F56-10566FF9524B}.Debug|Any CPU.ActiveCfg = Debug|Any CPU
		{336E3B52-1512-45C1-8F56-10566FF9524B}.Debug|Any CPU.Build.0 = Debug|Any CPU
		{336E3B52-1512-45C1-8F56-10566FF9524B}.Release|Any CPU.ActiveCfg = Release|Any CPU
		{336E3B52-1512-45C1-8F56-10566FF9524B}.Release|Any CPU.Build.0 = Release|Any CPU
	EndGlobalSection
	GlobalSection(SolutionProperties) = preSolution
		HideSolutionNode = FALSE
	EndGlobalSection
	GlobalSection(ExtensibilityGlobals) = postSolution
		SolutionGuid = {22AFFBE2-A5C7-4F68-AFCB-201ABE22D1B3}
	EndGlobalSection
EndGlobal
